
Microsoft Visual Studio Solution File, Format Version 12.00
# Visual Studio 2012
Project("{2150E333-8FDC-42A3-9474-1A3956D46DE8}") = ".nuget", ".nuget", "{D5735301-B1DF-4244-97F8-108AEC9B72AE}"
	ProjectSection(SolutionItems) = preProject
		.nuget\NuGet.Config = .nuget\NuGet.Config
		.nuget\NuGet.exe = .nuget\NuGet.exe
		.nuget\NuGet.targets = .nuget\NuGet.targets
	EndProjectSection
EndProject
Project("{FAE04EC0-301F-11D3-BF4B-00C04F79EFBC}") = "Run00.TeamCityVersioning", "Run00.TeamCityVersioning\Run00.TeamCityVersioning.csproj", "{E4F75843-2927-4577-B78A-45D07DFC665A}"
EndProject
Project("{2150E333-8FDC-42A3-9474-1A3956D46DE8}") = "Solution Items", "Solution Items", "{02212B0B-3C4D-4DC0-BB53-4B7A7A799EC3}"
	ProjectSection(SolutionItems) = preProject
		.gitattributes = .gitattributes
		.gitignore = .gitignore
		ICON.png = ICON.png
		LICENSE = LICENSE
		README.md = README.md
	EndProjectSection
EndProject
Project("{FAE04EC0-301F-11D3-BF4B-00C04F79EFBC}") = "Run00.TeamCityChocolatey", "Run00.TeamCityChocolatey\Run00.TeamCityChocolatey.csproj", "{89ABF903-81DD-4AAF-8F6B-88176D64372F}"
EndProject
Project("{FAE04EC0-301F-11D3-BF4B-00C04F79EFBC}") = "Run00.Logging", "Run00.Logging\Run00.Logging.csproj", "{EB974A99-4095-40A3-8A11-C4AB2F44B680}"
EndProject
Project("{FAE04EC0-301F-11D3-BF4B-00C04F79EFBC}") = "Run00.LoggingLog4Net", "Run00.LoggingLog4Net\Run00.LoggingLog4Net.csproj", "{79B381A5-805C-445A-A05D-58A0C64387C7}"
EndProject
Project("{FAE04EC0-301F-11D3-BF4B-00C04F79EFBC}") = "Run00.Context", "Run00.Context\Run00.Context.csproj", "{C78BAB98-0195-42CB-A88E-29A343CA72F7}"
EndProject
Project("{FAE04EC0-301F-11D3-BF4B-00C04F79EFBC}") = "Run00.Application", "Run00.Application\Run00.Application.csproj", "{24F06604-F851-4972-B5B4-875C292E103A}"
EndProject
Project("{FAE04EC0-301F-11D3-BF4B-00C04F79EFBC}") = "Run00.NuGet", "Run00.NuGet\Run00.NuGet.csproj", "{675B32D1-219F-46A8-990A-F8683CBF11C1}"
EndProject
Project("{FAE04EC0-301F-11D3-BF4B-00C04F79EFBC}") = "Run00.FileSystem", "Run00.FileSystem\Run00.FileSystem.csproj", "{90E9FDBB-99C4-4742-B11D-6C771E18E4A7}"
EndProject
Project("{FAE04EC0-301F-11D3-BF4B-00C04F79EFBC}") = "Run00.FileSystemLocal", "Run00.FileSystemLocal\Run00.FileSystemLocal.csproj", "{9C5D22A7-91E1-43CA-8C05-6AFA4DE88468}"
EndProject
Project("{FAE04EC0-301F-11D3-BF4B-00C04F79EFBC}") = "Run00.ComponentRegistration", "Run00.ComponentRegistration\Run00.ComponentRegistration.csproj", "{A49316BC-6FFE-4D17-BC73-21D75C0E69A4}"
EndProject
Project("{FAE04EC0-301F-11D3-BF4B-00C04F79EFBC}") = "Run00.ComponentRegistrationWindsor", "Run00.ComponentRegistrationWindsor\Run00.ComponentRegistrationWindsor.csproj", "{7BA641C3-CE2F-4984-897F-999F456A8E58}"
EndProject
Project("{FAE04EC0-301F-11D3-BF4B-00C04F79EFBC}") = "Run00.NuGet.UnitTest", "Run00.NuGet.UnitTest\Run00.NuGet.UnitTest.csproj", "{B0770557-E0C5-4B69-A72D-EA1397539BAF}"
EndProject
Project("{FAE04EC0-301F-11D3-BF4B-00C04F79EFBC}") = "Run00.AutoMoq", "Run00.AutoMoq\Run00.AutoMoq.csproj", "{8C5E65CD-425F-4D38-B914-DB220ADC2AF3}"
EndProject
Project("{FAE04EC0-301F-11D3-BF4B-00C04F79EFBC}") = "Run00.VStudio", "Run00.VStudio\Run00.VStudio.csproj", "{AA6399C3-5375-4301-A623-A6196E6B0511}"
EndProject
Project("{FAE04EC0-301F-11D3-BF4B-00C04F79EFBC}") = "Run00.Reflect", "Run00.Reflect\Run00.Reflect.csproj", "{0929FBA4-279C-4C1D-A3FD-4DD74A22F59F}"
EndProject
Global
	GlobalSection(SolutionConfigurationPlatforms) = preSolution
		Debug|Any CPU = Debug|Any CPU
		Release|Any CPU = Release|Any CPU
	EndGlobalSection
	GlobalSection(ProjectConfigurationPlatforms) = postSolution
		{E4F75843-2927-4577-B78A-45D07DFC665A}.Debug|Any CPU.ActiveCfg = Debug|Any CPU
		{E4F75843-2927-4577-B78A-45D07DFC665A}.Debug|Any CPU.Build.0 = Debug|Any CPU
		{E4F75843-2927-4577-B78A-45D07DFC665A}.Release|Any CPU.ActiveCfg = Release|Any CPU
		{E4F75843-2927-4577-B78A-45D07DFC665A}.Release|Any CPU.Build.0 = Release|Any CPU
		{89ABF903-81DD-4AAF-8F6B-88176D64372F}.Debug|Any CPU.ActiveCfg = Debug|Any CPU
		{89ABF903-81DD-4AAF-8F6B-88176D64372F}.Debug|Any CPU.Build.0 = Debug|Any CPU
		{89ABF903-81DD-4AAF-8F6B-88176D64372F}.Release|Any CPU.ActiveCfg = Release|Any CPU
		{89ABF903-81DD-4AAF-8F6B-88176D64372F}.Release|Any CPU.Build.0 = Release|Any CPU
		{EB974A99-4095-40A3-8A11-C4AB2F44B680}.Debug|Any CPU.ActiveCfg = Debug|Any CPU
		{EB974A99-4095-40A3-8A11-C4AB2F44B680}.Debug|Any CPU.Build.0 = Debug|Any CPU
		{EB974A99-4095-40A3-8A11-C4AB2F44B680}.Release|Any CPU.ActiveCfg = Release|Any CPU
		{EB974A99-4095-40A3-8A11-C4AB2F44B680}.Release|Any CPU.Build.0 = Release|Any CPU
		{79B381A5-805C-445A-A05D-58A0C64387C7}.Debug|Any CPU.ActiveCfg = Debug|Any CPU
		{79B381A5-805C-445A-A05D-58A0C64387C7}.Debug|Any CPU.Build.0 = Debug|Any CPU
		{79B381A5-805C-445A-A05D-58A0C64387C7}.Release|Any CPU.ActiveCfg = Release|Any CPU
		{79B381A5-805C-445A-A05D-58A0C64387C7}.Release|Any CPU.Build.0 = Release|Any CPU
		{C78BAB98-0195-42CB-A88E-29A343CA72F7}.Debug|Any CPU.ActiveCfg = Debug|Any CPU
		{C78BAB98-0195-42CB-A88E-29A343CA72F7}.Debug|Any CPU.Build.0 = Debug|Any CPU
		{C78BAB98-0195-42CB-A88E-29A343CA72F7}.Release|Any CPU.ActiveCfg = Release|Any CPU
		{C78BAB98-0195-42CB-A88E-29A343CA72F7}.Release|Any CPU.Build.0 = Release|Any CPU
		{24F06604-F851-4972-B5B4-875C292E103A}.Debug|Any CPU.ActiveCfg = Debug|Any CPU
		{24F06604-F851-4972-B5B4-875C292E103A}.Debug|Any CPU.Build.0 = Debug|Any CPU
		{24F06604-F851-4972-B5B4-875C292E103A}.Release|Any CPU.ActiveCfg = Release|Any CPU
		{24F06604-F851-4972-B5B4-875C292E103A}.Release|Any CPU.Build.0 = Release|Any CPU
		{675B32D1-219F-46A8-990A-F8683CBF11C1}.Debug|Any CPU.ActiveCfg = Debug|Any CPU
		{675B32D1-219F-46A8-990A-F8683CBF11C1}.Debug|Any CPU.Build.0 = Debug|Any CPU
		{675B32D1-219F-46A8-990A-F8683CBF11C1}.Release|Any CPU.ActiveCfg = Release|Any CPU
		{675B32D1-219F-46A8-990A-F8683CBF11C1}.Release|Any CPU.Build.0 = Release|Any CPU
		{90E9FDBB-99C4-4742-B11D-6C771E18E4A7}.Debug|Any CPU.ActiveCfg = Debug|Any CPU
		{90E9FDBB-99C4-4742-B11D-6C771E18E4A7}.Debug|Any CPU.Build.0 = Debug|Any CPU
		{90E9FDBB-99C4-4742-B11D-6C771E18E4A7}.Release|Any CPU.ActiveCfg = Release|Any CPU
		{90E9FDBB-99C4-4742-B11D-6C771E18E4A7}.Release|Any CPU.Build.0 = Release|Any CPU
		{9C5D22A7-91E1-43CA-8C05-6AFA4DE88468}.Debug|Any CPU.ActiveCfg = Debug|Any CPU
		{9C5D22A7-91E1-43CA-8C05-6AFA4DE88468}.Debug|Any CPU.Build.0 = Debug|Any CPU
		{9C5D22A7-91E1-43CA-8C05-6AFA4DE88468}.Release|Any CPU.ActiveCfg = Release|Any CPU
		{9C5D22A7-91E1-43CA-8C05-6AFA4DE88468}.Release|Any CPU.Build.0 = Release|Any CPU
		{A49316BC-6FFE-4D17-BC73-21D75C0E69A4}.Debug|Any CPU.ActiveCfg = Debug|Any CPU
		{A49316BC-6FFE-4D17-BC73-21D75C0E69A4}.Debug|Any CPU.Build.0 = Debug|Any CPU
		{A49316BC-6FFE-4D17-BC73-21D75C0E69A4}.Release|Any CPU.ActiveCfg = Release|Any CPU
		{A49316BC-6FFE-4D17-BC73-21D75C0E69A4}.Release|Any CPU.Build.0 = Release|Any CPU
		{7BA641C3-CE2F-4984-897F-999F456A8E58}.Debug|Any CPU.ActiveCfg = Debug|Any CPU
		{7BA641C3-CE2F-4984-897F-999F456A8E58}.Debug|Any CPU.Build.0 = Debug|Any CPU
		{7BA641C3-CE2F-4984-897F-999F456A8E58}.Release|Any CPU.ActiveCfg = Release|Any CPU
		{7BA641C3-CE2F-4984-897F-999F456A8E58}.Release|Any CPU.Build.0 = Release|Any CPU
		{B0770557-E0C5-4B69-A72D-EA1397539BAF}.Debug|Any CPU.ActiveCfg = Debug|Any CPU
		{B0770557-E0C5-4B69-A72D-EA1397539BAF}.Debug|Any CPU.Build.0 = Debug|Any CPU
		{B0770557-E0C5-4B69-A72D-EA1397539BAF}.Release|Any CPU.ActiveCfg = Release|Any CPU
		{B0770557-E0C5-4B69-A72D-EA1397539BAF}.Release|Any CPU.Build.0 = Release|Any CPU
		{8C5E65CD-425F-4D38-B914-DB220ADC2AF3}.Debug|Any CPU.ActiveCfg = Debug|Any CPU
		{8C5E65CD-425F-4D38-B914-DB220ADC2AF3}.Debug|Any CPU.Build.0 = Debug|Any CPU
		{8C5E65CD-425F-4D38-B914-DB220ADC2AF3}.Release|Any CPU.ActiveCfg = Release|Any CPU
		{8C5E65CD-425F-4D38-B914-DB220ADC2AF3}.Release|Any CPU.Build.0 = Release|Any CPU
		{AA6399C3-5375-4301-A623-A6196E6B0511}.Debug|Any CPU.ActiveCfg = Debug|Any CPU
		{AA6399C3-5375-4301-A623-A6196E6B0511}.Debug|Any CPU.Build.0 = Debug|Any CPU
		{AA6399C3-5375-4301-A623-A6196E6B0511}.Release|Any CPU.ActiveCfg = Release|Any CPU
		{AA6399C3-5375-4301-A623-A6196E6B0511}.Release|Any CPU.Build.0 = Release|Any CPU
		{0929FBA4-279C-4C1D-A3FD-4DD74A22F59F}.Debug|Any CPU.ActiveCfg = Debug|Any CPU
		{0929FBA4-279C-4C1D-A3FD-4DD74A22F59F}.Debug|Any CPU.Build.0 = Debug|Any CPU
		{0929FBA4-279C-4C1D-A3FD-4DD74A22F59F}.Release|Any CPU.ActiveCfg = Release|Any CPU
		{0929FBA4-279C-4C1D-A3FD-4DD74A22F59F}.Release|Any CPU.Build.0 = Release|Any CPU
	EndGlobalSection
	GlobalSection(SolutionProperties) = preSolution
		HideSolutionNode = FALSE
	EndGlobalSection
EndGlobal
